
Microsoft Visual Studio Solution File, Format Version 12.00
# Visual Studio Version 16
VisualStudioVersion = 16.0.30621.155
MinimumVisualStudioVersion = 10.0.40219.1
Project("{FAE04EC0-301F-11D3-BF4B-00C04F79EFBC}") = "chr-mm-functionapp-01", "chr-mm-functionapp-01\chr-mm-functionapp-01.csproj", "{7B6F1579-B834-4B28-A7F6-481C191AEF43}"
EndProject
Global
	GlobalSection(SolutionConfigurationPlatforms) = preSolution
		Debug|Any CPU = Debug|Any CPU
		Release|Any CPU = Release|Any CPU
	EndGlobalSection
	GlobalSection(ProjectConfigurationPlatforms) = postSolution
		{7B6F1579-B834-4B28-A7F6-481C191AEF43}.Debug|Any CPU.ActiveCfg = Debug|Any CPU
		{7B6F1579-B834-4B28-A7F6-481C191AEF43}.Debug|Any CPU.Build.0 = Debug|Any CPU
		{7B6F1579-B834-4B28-A7F6-481C191AEF43}.Release|Any CPU.ActiveCfg = Release|Any CPU
		{7B6F1579-B834-4B28-A7F6-481C191AEF43}.Release|Any CPU.Build.0 = Release|Any CPU
	EndGlobalSection
	GlobalSection(SolutionProperties) = preSolution
		HideSolutionNode = FALSE
	EndGlobalSection
	GlobalSection(ExtensibilityGlobals) = postSolution
		SolutionGuid = {DF011017-0CD6-403B-8D95-CEB617964CDC}
	EndGlobalSection
EndGlobal
